{
  "object": {
    "pins": [
      {
        "package": "Skull",
        "repositoryURL": "https://github.com/michaelnisi/skull",
        "state": {
          "branch": null,
          "revision": "04acdea3dd2654f0c514946068ebf06aa22235e2",
          "version": "8.0.0"
        }
      }
    ]
  },
  "version": 1
}
