{
  "object": {
    "pins": [
      {
        "package": "Skull",
        "repositoryURL": "https://github.com/michaelnisi/skull",
        "state": {
          "branch": null,
          "revision": "8de9cddfa65c3d238b9eec74d5fbc9b1b7c534cd",
          "version": "8.0.1"
        }
      }
    ]
  },
  "version": 1
}
