{
  "object": {
    "pins": [
      {
        "package": "CSqlite3",
        "repositoryURL": "git@github.com:michaelnisi/csqlite.git",
        "state": {
          "branch": null,
          "revision": "405f4a7dfa4e2b8ab6d2fa733727c3e7f8ccfe19",
          "version": "1.0.0"
        }
      },
      {
        "package": "Skull",
        "repositoryURL": "https://github.com/michaelnisi/skull",
        "state": {
          "branch": null,
          "revision": "3dbc8d074e60dce93a2b7bd7842271cddddbf0ed",
          "version": "4.0.4"
        }
      }
    ]
  },
  "version": 1
}
